
Microsoft Visual Studio Solution File, Format Version 12.00
# Visual Studio Version 16
VisualStudioVersion = 16.0.31829.152
MinimumVisualStudioVersion = 10.0.40219.1
Project("{8BC9CEB8-8B4A-11D0-8D11-00A0C91BC942}") = "JohnsonTrotterAlgorithm", "JohnsonTrotterAlgorithm\JohnsonTrotterAlgorithm.vcxproj", "{B58E5F7F-4BA3-4F9D-8B8B-06C1B4F5217B}"
EndProject
Project("{8BC9CEB8-8B4A-11D0-8D11-00A0C91BC942}") = "NarayanaAlgorithm", "NarayanaAlgorithm\NarayanaAlgorithm.vcxproj", "{F906405D-204F-4422-A2AB-8E2DDB67EB71}"
EndProject
Project("{8BC9CEB8-8B4A-11D0-8D11-00A0C91BC942}") = "RandomPermutation", "RandomPermutation\RandomPermutation.vcxproj", "{D0FBA76F-2F3B-421E-9C44-360DB33FA69A}"
EndProject
Project("{8BC9CEB8-8B4A-11D0-8D11-00A0C91BC942}") = "GenerationOfCombinations", "GenerationOfCombinations\GenerationOfCombinations.vcxproj", "{1149C3CC-2F8A-4F8D-A91C-A18539EF9A99}"
EndProject
Project("{8BC9CEB8-8B4A-11D0-8D11-00A0C91BC942}") = "GenerationOfPlacements", "GenerationOfPlacements\GenerationOfPlacements.vcxproj", "{F8A3F527-DB10-4D30-BE56-913B3C1ADAF3}"
EndProject
Project("{8BC9CEB8-8B4A-11D0-8D11-00A0C91BC942}") = "GenerationSubsetsOfSet", "GenerationSubsetsOfSet\GenerationSubsetsOfSet.vcxproj", "{705FF72A-2190-4F0C-8AA9-E382F7FE9386}"
EndProject
Global
	GlobalSection(SolutionConfigurationPlatforms) = preSolution
		Debug|x64 = Debug|x64
		Debug|x86 = Debug|x86
		Release|x64 = Release|x64
		Release|x86 = Release|x86
	EndGlobalSection
	GlobalSection(ProjectConfigurationPlatforms) = postSolution
		{B58E5F7F-4BA3-4F9D-8B8B-06C1B4F5217B}.Debug|x64.ActiveCfg = Debug|x64
		{B58E5F7F-4BA3-4F9D-8B8B-06C1B4F5217B}.Debug|x64.Build.0 = Debug|x64
		{B58E5F7F-4BA3-4F9D-8B8B-06C1B4F5217B}.Debug|x86.ActiveCfg = Debug|Win32
		{B58E5F7F-4BA3-4F9D-8B8B-06C1B4F5217B}.Debug|x86.Build.0 = Debug|Win32
		{B58E5F7F-4BA3-4F9D-8B8B-06C1B4F5217B}.Release|x64.ActiveCfg = Release|x64
		{B58E5F7F-4BA3-4F9D-8B8B-06C1B4F5217B}.Release|x64.Build.0 = Release|x64
		{B58E5F7F-4BA3-4F9D-8B8B-06C1B4F5217B}.Release|x86.ActiveCfg = Release|Win32
		{B58E5F7F-4BA3-4F9D-8B8B-06C1B4F5217B}.Release|x86.Build.0 = Release|Win32
		{F906405D-204F-4422-A2AB-8E2DDB67EB71}.Debug|x64.ActiveCfg = Debug|x64
		{F906405D-204F-4422-A2AB-8E2DDB67EB71}.Debug|x64.Build.0 = Debug|x64
		{F906405D-204F-4422-A2AB-8E2DDB67EB71}.Debug|x86.ActiveCfg = Debug|Win32
		{F906405D-204F-4422-A2AB-8E2DDB67EB71}.Debug|x86.Build.0 = Debug|Win32
		{F906405D-204F-4422-A2AB-8E2DDB67EB71}.Release|x64.ActiveCfg = Release|x64
		{F906405D-204F-4422-A2AB-8E2DDB67EB71}.Release|x64.Build.0 = Release|x64
		{F906405D-204F-4422-A2AB-8E2DDB67EB71}.Release|x86.ActiveCfg = Release|Win32
		{F906405D-204F-4422-A2AB-8E2DDB67EB71}.Release|x86.Build.0 = Release|Win32
		{D0FBA76F-2F3B-421E-9C44-360DB33FA69A}.Debug|x64.ActiveCfg = Debug|x64
		{D0FBA76F-2F3B-421E-9C44-360DB33FA69A}.Debug|x64.Build.0 = Debug|x64
		{D0FBA76F-2F3B-421E-9C44-360DB33FA69A}.Debug|x86.ActiveCfg = Debug|Win32
		{D0FBA76F-2F3B-421E-9C44-360DB33FA69A}.Debug|x86.Build.0 = Debug|Win32
		{D0FBA76F-2F3B-421E-9C44-360DB33FA69A}.Release|x64.ActiveCfg = Release|x64
		{D0FBA76F-2F3B-421E-9C44-360DB33FA69A}.Release|x64.Build.0 = Release|x64
		{D0FBA76F-2F3B-421E-9C44-360DB33FA69A}.Release|x86.ActiveCfg = Release|Win32
		{D0FBA76F-2F3B-421E-9C44-360DB33FA69A}.Release|x86.Build.0 = Release|Win32
		{1149C3CC-2F8A-4F8D-A91C-A18539EF9A99}.Debug|x64.ActiveCfg = Debug|x64
		{1149C3CC-2F8A-4F8D-A91C-A18539EF9A99}.Debug|x64.Build.0 = Debug|x64
		{1149C3CC-2F8A-4F8D-A91C-A18539EF9A99}.Debug|x86.ActiveCfg = Debug|Win32
		{1149C3CC-2F8A-4F8D-A91C-A18539EF9A99}.Debug|x86.Build.0 = Debug|Win32
		{1149C3CC-2F8A-4F8D-A91C-A18539EF9A99}.Release|x64.ActiveCfg = Release|x64
		{1149C3CC-2F8A-4F8D-A91C-A18539EF9A99}.Release|x64.Build.0 = Release|x64
		{1149C3CC-2F8A-4F8D-A91C-A18539EF9A99}.Release|x86.ActiveCfg = Release|Win32
		{1149C3CC-2F8A-4F8D-A91C-A18539EF9A99}.Release|x86.Build.0 = Release|Win32
		{F8A3F527-DB10-4D30-BE56-913B3C1ADAF3}.Debug|x64.ActiveCfg = Debug|x64
		{F8A3F527-DB10-4D30-BE56-913B3C1ADAF3}.Debug|x64.Build.0 = Debug|x64
		{F8A3F527-DB10-4D30-BE56-913B3C1ADAF3}.Debug|x86.ActiveCfg = Debug|Win32
		{F8A3F527-DB10-4D30-BE56-913B3C1ADAF3}.Debug|x86.Build.0 = Debug|Win32
		{F8A3F527-DB10-4D30-BE56-913B3C1ADAF3}.Release|x64.ActiveCfg = Release|x64
		{F8A3F527-DB10-4D30-BE56-913B3C1ADAF3}.Release|x64.Build.0 = Release|x64
		{F8A3F527-DB10-4D30-BE56-913B3C1ADAF3}.Release|x86.ActiveCfg = Release|Win32
		{F8A3F527-DB10-4D30-BE56-913B3C1ADAF3}.Release|x86.Build.0 = Release|Win32
		{705FF72A-2190-4F0C-8AA9-E382F7FE9386}.Debug|x64.ActiveCfg = Debug|x64
		{705FF72A-2190-4F0C-8AA9-E382F7FE9386}.Debug|x64.Build.0 = Debug|x64
		{705FF72A-2190-4F0C-8AA9-E382F7FE9386}.Debug|x86.ActiveCfg = Debug|Win32
		{705FF72A-2190-4F0C-8AA9-E382F7FE9386}.Debug|x86.Build.0 = Debug|Win32
		{705FF72A-2190-4F0C-8AA9-E382F7FE9386}.Release|x64.ActiveCfg = Release|x64
		{705FF72A-2190-4F0C-8AA9-E382F7FE9386}.Release|x64.Build.0 = Release|x64
		{705FF72A-2190-4F0C-8AA9-E382F7FE9386}.Release|x86.ActiveCfg = Release|Win32
		{705FF72A-2190-4F0C-8AA9-E382F7FE9386}.Release|x86.Build.0 = Release|Win32
	EndGlobalSection
	GlobalSection(SolutionProperties) = preSolution
		HideSolutionNode = FALSE
	EndGlobalSection
	GlobalSection(ExtensibilityGlobals) = postSolution
		SolutionGuid = {3771DB94-DB17-4098-A3C6-44F623F77AE2}
	EndGlobalSection
EndGlobal
